
Microsoft Visual Studio Solution File, Format Version 12.00
# Visual Studio Version 17
VisualStudioVersion = 17.9.34728.123
MinimumVisualStudioVersion = 10.0.40219.1
Project("{9A19103F-16F7-4668-BE54-9A1E7A4F7556}") = "E-Commerce", "E-Commerce\E-Commerce.csproj", "{8729D259-0441-4717-A132-F8167B9E8452}"
EndProject
Project("{9A19103F-16F7-4668-BE54-9A1E7A4F7556}") = "ECommerce.DataAccess", "DataAccess\ECommerce.DataAccess.csproj", "{21BFE3FB-E021-47B1-87EE-1723C9B1159F}"
EndProject
Project("{9A19103F-16F7-4668-BE54-9A1E7A4F7556}") = "ECommerce.Models", "Models\ECommerce.Models.csproj", "{8EF95886-F938-48F2-BA07-E5943D2D1977}"
EndProject
Project("{9A19103F-16F7-4668-BE54-9A1E7A4F7556}") = "ECommerce.Utility", "Utility\ECommerce.Utility.csproj", "{B66C980F-11E4-4B4C-AF6F-700BE8F1A7B1}"
EndProject
Global
	GlobalSection(SolutionConfigurationPlatforms) = preSolution
		Debug|Any CPU = Debug|Any CPU
		Release|Any CPU = Release|Any CPU
	EndGlobalSection
	GlobalSection(ProjectConfigurationPlatforms) = postSolution
		{8729D259-0441-4717-A132-F8167B9E8452}.Debug|Any CPU.ActiveCfg = Debug|Any CPU
		{8729D259-0441-4717-A132-F8167B9E8452}.Debug|Any CPU.Build.0 = Debug|Any CPU
		{8729D259-0441-4717-A132-F8167B9E8452}.Release|Any CPU.ActiveCfg = Release|Any CPU
		{8729D259-0441-4717-A132-F8167B9E8452}.Release|Any CPU.Build.0 = Release|Any CPU
		{21BFE3FB-E021-47B1-87EE-1723C9B1159F}.Debug|Any CPU.ActiveCfg = Debug|Any CPU
		{21BFE3FB-E021-47B1-87EE-1723C9B1159F}.Debug|Any CPU.Build.0 = Debug|Any CPU
		{21BFE3FB-E021-47B1-87EE-1723C9B1159F}.Release|Any CPU.ActiveCfg = Release|Any CPU
		{21BFE3FB-E021-47B1-87EE-1723C9B1159F}.Release|Any CPU.Build.0 = Release|Any CPU
		{8EF95886-F938-48F2-BA07-E5943D2D1977}.Debug|Any CPU.ActiveCfg = Debug|Any CPU
		{8EF95886-F938-48F2-BA07-E5943D2D1977}.Debug|Any CPU.Build.0 = Debug|Any CPU
		{8EF95886-F938-48F2-BA07-E5943D2D1977}.Release|Any CPU.ActiveCfg = Release|Any CPU
		{8EF95886-F938-48F2-BA07-E5943D2D1977}.Release|Any CPU.Build.0 = Release|Any CPU
		{B66C980F-11E4-4B4C-AF6F-700BE8F1A7B1}.Debug|Any CPU.ActiveCfg = Debug|Any CPU
		{B66C980F-11E4-4B4C-AF6F-700BE8F1A7B1}.Debug|Any CPU.Build.0 = Debug|Any CPU
		{B66C980F-11E4-4B4C-AF6F-700BE8F1A7B1}.Release|Any CPU.ActiveCfg = Release|Any CPU
		{B66C980F-11E4-4B4C-AF6F-700BE8F1A7B1}.Release|Any CPU.Build.0 = Release|Any CPU
	EndGlobalSection
	GlobalSection(SolutionProperties) = preSolution
		HideSolutionNode = FALSE
	EndGlobalSection
	GlobalSection(ExtensibilityGlobals) = postSolution
		SolutionGuid = {E81CC17A-F681-4423-8047-F449B5CBD892}
	EndGlobalSection
EndGlobal
