
Microsoft Visual Studio Solution File, Format Version 12.00
# Visual Studio Version 17
VisualStudioVersion = 17.9.34728.123
MinimumVisualStudioVersion = 10.0.40219.1
Project("{FAE04EC0-301F-11D3-BF4B-00C04F79EFBC}") = "E-Commerce", "E-Commerce\E-Commerce.csproj", "{8729D259-0441-4717-A132-F8167B9E8452}"
EndProject
Global
	GlobalSection(SolutionConfigurationPlatforms) = preSolution
		Debug|Any CPU = Debug|Any CPU
		Release|Any CPU = Release|Any CPU
	EndGlobalSection
	GlobalSection(ProjectConfigurationPlatforms) = postSolution
		{8729D259-0441-4717-A132-F8167B9E8452}.Debug|Any CPU.ActiveCfg = Debug|Any CPU
		{8729D259-0441-4717-A132-F8167B9E8452}.Debug|Any CPU.Build.0 = Debug|Any CPU
		{8729D259-0441-4717-A132-F8167B9E8452}.Release|Any CPU.ActiveCfg = Release|Any CPU
		{8729D259-0441-4717-A132-F8167B9E8452}.Release|Any CPU.Build.0 = Release|Any CPU
	EndGlobalSection
	GlobalSection(SolutionProperties) = preSolution
		HideSolutionNode = FALSE
	EndGlobalSection
	GlobalSection(ExtensibilityGlobals) = postSolution
		SolutionGuid = {E81CC17A-F681-4423-8047-F449B5CBD892}
	EndGlobalSection
EndGlobal
